// !$*UTF8*$!
{
	archiveVersion = 1;
	classes = {
	};
	objectVersion = 56;
	objects = {

/* Begin PBXBuildFile section */
		5209D3BA2A7724F700E02FAE /* PhotoDetailsViewController.swift in Sources */ = {isa = PBXBuildFile; fileRef = 5209D3B92A7724F700E02FAE /* PhotoDetailsViewController.swift */; };
		5209D3C92A7725A600E02FAE /* PhotoCollectionViewCell.xib in Resources */ = {isa = PBXBuildFile; fileRef = 5209D3BC2A7725A600E02FAE /* PhotoCollectionViewCell.xib */; };
		5209D3CB2A7725A600E02FAE /* CastCellContainer.swift in Sources */ = {isa = PBXBuildFile; fileRef = 5209D3BE2A7725A600E02FAE /* CastCellContainer.swift */; };
		5209D3CC2A7725A600E02FAE /* PhotosTableCell.xib in Resources */ = {isa = PBXBuildFile; fileRef = 5209D3BF2A7725A600E02FAE /* PhotosTableCell.xib */; };
		5209D3CD2A7725A600E02FAE /* CastCell.swift in Sources */ = {isa = PBXBuildFile; fileRef = 5209D3C02A7725A600E02FAE /* CastCell.swift */; };
		5209D3CE2A7725A600E02FAE /* CastCellContainer.xib in Resources */ = {isa = PBXBuildFile; fileRef = 5209D3C12A7725A600E02FAE /* CastCellContainer.xib */; };
		5209D3CF2A7725A600E02FAE /* PhotosCell.swift in Sources */ = {isa = PBXBuildFile; fileRef = 5209D3C22A7725A600E02FAE /* PhotosCell.swift */; };
		5209D3D02A7725A600E02FAE /* TicketFooterCell.swift in Sources */ = {isa = PBXBuildFile; fileRef = 5209D3C32A7725A600E02FAE /* TicketFooterCell.swift */; };
		5209D3D12A7725A600E02FAE /* PhotosCell.xib in Resources */ = {isa = PBXBuildFile; fileRef = 5209D3C42A7725A600E02FAE /* PhotosCell.xib */; };
		5209D3D22A7725A600E02FAE /* TicketFooterCell.xib in Resources */ = {isa = PBXBuildFile; fileRef = 5209D3C52A7725A600E02FAE /* TicketFooterCell.xib */; };
		5209D3D32A7725A600E02FAE /* PhotoCollectionViewCell.swift in Sources */ = {isa = PBXBuildFile; fileRef = 5209D3C62A7725A600E02FAE /* PhotoCollectionViewCell.swift */; };
		5209D3D42A7725A600E02FAE /* PhotosTableCell.swift in Sources */ = {isa = PBXBuildFile; fileRef = 5209D3C72A7725A600E02FAE /* PhotosTableCell.swift */; };
		5209D3D52A7725A600E02FAE /* CastDetailsViewController.swift in Sources */ = {isa = PBXBuildFile; fileRef = 5209D3C82A7725A600E02FAE /* CastDetailsViewController.swift */; };
		5209D3D72A7726C700E02FAE /* TableViewExt.swift in Sources */ = {isa = PBXBuildFile; fileRef = 5209D3D62A7726C700E02FAE /* TableViewExt.swift */; };
		5209D3D92A7727AE00E02FAE /* BlurView.swift in Sources */ = {isa = PBXBuildFile; fileRef = 5209D3D82A7727AE00E02FAE /* BlurView.swift */; };
		5209D3DB2A77303700E02FAE /* CastCell.xib in Resources */ = {isa = PBXBuildFile; fileRef = 5209D3DA2A77303700E02FAE /* CastCell.xib */; };
		5209D3DE2A77363300E02FAE /* CoreDataManager.swift in Sources */ = {isa = PBXBuildFile; fileRef = 5209D3DD2A77363300E02FAE /* CoreDataManager.swift */; };
		5209D3E02A7736D800E02FAE /* UIViewController.swift in Sources */ = {isa = PBXBuildFile; fileRef = 5209D3DF2A7736D800E02FAE /* UIViewController.swift */; };
		5209D3E32A77372D00E02FAE /* Movie.xcdatamodeld in Sources */ = {isa = PBXBuildFile; fileRef = 5209D3E12A77372D00E02FAE /* Movie.xcdatamodeld */; };
		5209D3E52A773B0600E02FAE /* ButtonWithShadow.swift in Sources */ = {isa = PBXBuildFile; fileRef = 5209D3E42A773B0600E02FAE /* ButtonWithShadow.swift */; };
		5209D3E72A7741E100E02FAE /* DataShareHelper.swift in Sources */ = {isa = PBXBuildFile; fileRef = 5209D3E62A7741E100E02FAE /* DataShareHelper.swift */; };
		5209D3EF2A7782FD00E02FAE /* SeatBookingVC.swift in Sources */ = {isa = PBXBuildFile; fileRef = 5209D3EB2A7782FD00E02FAE /* SeatBookingVC.swift */; };
		5209D3F02A7782FD00E02FAE /* PaymentVC.swift in Sources */ = {isa = PBXBuildFile; fileRef = 5209D3EC2A7782FD00E02FAE /* PaymentVC.swift */; };
		5209D3F12A7782FD00E02FAE /* SelectTheatreVC.swift in Sources */ = {isa = PBXBuildFile; fileRef = 5209D3ED2A7782FD00E02FAE /* SelectTheatreVC.swift */; };
		5209D3F22A7782FD00E02FAE /* PaymentSuccesAnimation.swift in Sources */ = {isa = PBXBuildFile; fileRef = 5209D3EE2A7782FD00E02FAE /* PaymentSuccesAnimation.swift */; };
		5209D3F62A77836500E02FAE /* GlobalDatePickerVC.swift in Sources */ = {isa = PBXBuildFile; fileRef = 5209D3F42A77836500E02FAE /* GlobalDatePickerVC.swift */; };
		5209D3F72A77836500E02FAE /* GlobalPicker.swift in Sources */ = {isa = PBXBuildFile; fileRef = 5209D3F52A77836500E02FAE /* GlobalPicker.swift */; };
		5209D3F92A77837200E02FAE /* GifCustomClass.swift in Sources */ = {isa = PBXBuildFile; fileRef = 5209D3F82A77837200E02FAE /* GifCustomClass.swift */; };
		5209D3FB2A77838600E02FAE /* DesignableView.swift in Sources */ = {isa = PBXBuildFile; fileRef = 5209D3FA2A77838600E02FAE /* DesignableView.swift */; };
		5209D3FD2A7784A600E02FAE /* paySuccess.gif in Resources */ = {isa = PBXBuildFile; fileRef = 5209D3FC2A7784A600E02FAE /* paySuccess.gif */; };
		5209D4012A77857800E02FAE /* TicketCell.swift in Sources */ = {isa = PBXBuildFile; fileRef = 5209D3FF2A77857800E02FAE /* TicketCell.swift */; };
		5209D4022A77857800E02FAE /* TicketCell.xib in Resources */ = {isa = PBXBuildFile; fileRef = 5209D4002A77857800E02FAE /* TicketCell.xib */; };
		5209D4052A77920E00E02FAE /* SocialButton in Frameworks */ = {isa = PBXBuildFile; productRef = 5209D4042A77920E00E02FAE /* SocialButton */; };
		5224744E2A76E910002836C2 /* FloatRatingView.swift in Sources */ = {isa = PBXBuildFile; fileRef = 5224744D2A76E910002836C2 /* FloatRatingView.swift */; };
		523941CA2A52EEA4008D163D /* MovieDetailsPresenter.swift in Sources */ = {isa = PBXBuildFile; fileRef = 523941C52A52EEA4008D163D /* MovieDetailsPresenter.swift */; };
		523941CB2A52EEA4008D163D /* MovieDetailsInteractor.swift in Sources */ = {isa = PBXBuildFile; fileRef = 523941C62A52EEA4008D163D /* MovieDetailsInteractor.swift */; };
		523941CC2A52EEA4008D163D /* MovieDetailsModels.swift in Sources */ = {isa = PBXBuildFile; fileRef = 523941C72A52EEA4008D163D /* MovieDetailsModels.swift */; };
		523941CD2A52EEA4008D163D /* MovieDetailsWorker.swift in Sources */ = {isa = PBXBuildFile; fileRef = 523941C82A52EEA4008D163D /* MovieDetailsWorker.swift */; };
		523941CE2A52EEA4008D163D /* MovieDetailsRouter.swift in Sources */ = {isa = PBXBuildFile; fileRef = 523941C92A52EEA4008D163D /* MovieDetailsRouter.swift */; };
		524151A82A82CD1E007E543E /* zebra.mp4 in Resources */ = {isa = PBXBuildFile; fileRef = 524151A72A82CD1E007E543E /* zebra.mp4 */; };
		525DE62E2A771DA70088E77D /* MovieDetails.swift in Sources */ = {isa = PBXBuildFile; fileRef = 525DE62D2A771DA70088E77D /* MovieDetails.swift */; };
		5266B9F72A55807800F56E33 /* FontExtension.swift in Sources */ = {isa = PBXBuildFile; fileRef = 5266B9F62A55807800F56E33 /* FontExtension.swift */; };
		5266B9F92A55878500F56E33 /* WatchlistCollectionViewCell.swift in Sources */ = {isa = PBXBuildFile; fileRef = 5266B9F82A55878500F56E33 /* WatchlistCollectionViewCell.swift */; };
		527952542A499AD000131026 /* MoviesPresenter.swift in Sources */ = {isa = PBXBuildFile; fileRef = 5279524D2A499AD000131026 /* MoviesPresenter.swift */; };
		527952552A499AD000131026 /* MoviesInteractor.swift in Sources */ = {isa = PBXBuildFile; fileRef = 5279524E2A499AD000131026 /* MoviesInteractor.swift */; };
		527952562A499AD000131026 /* MoviesModels.swift in Sources */ = {isa = PBXBuildFile; fileRef = 5279524F2A499AD000131026 /* MoviesModels.swift */; };
		527952572A499AD000131026 /* MoviesWorker.swift in Sources */ = {isa = PBXBuildFile; fileRef = 527952502A499AD000131026 /* MoviesWorker.swift */; };
		527952582A499AD000131026 /* MoviesRouter.swift in Sources */ = {isa = PBXBuildFile; fileRef = 527952512A499AD000131026 /* MoviesRouter.swift */; };
		52C21A8B2A52129300E0A09B /* MovieDetailsViewController.swift in Sources */ = {isa = PBXBuildFile; fileRef = 52C21A8A2A52129300E0A09B /* MovieDetailsViewController.swift */; };
		52C21A942A5236CE00E0A09B /* SDWebImage in Frameworks */ = {isa = PBXBuildFile; productRef = 52C21A932A5236CE00E0A09B /* SDWebImage */; };
		52C9F0202A71B06C00D279EA /* Deneme.storyboard in Resources */ = {isa = PBXBuildFile; fileRef = 52C9F0192A71B06C00D279EA /* Deneme.storyboard */; };
		52C9F0212A71B06C00D279EA /* DenemeViewController.swift in Sources */ = {isa = PBXBuildFile; fileRef = 52C9F01A2A71B06C00D279EA /* DenemeViewController.swift */; };
		52C9F0222A71B06C00D279EA /* DenemePresenter.swift in Sources */ = {isa = PBXBuildFile; fileRef = 52C9F01B2A71B06C00D279EA /* DenemePresenter.swift */; };
		52C9F0232A71B06C00D279EA /* DenemeInteractor.swift in Sources */ = {isa = PBXBuildFile; fileRef = 52C9F01C2A71B06C00D279EA /* DenemeInteractor.swift */; };
		52C9F0242A71B06C00D279EA /* DenemeModels.swift in Sources */ = {isa = PBXBuildFile; fileRef = 52C9F01D2A71B06C00D279EA /* DenemeModels.swift */; };
		52C9F0252A71B06C00D279EA /* DenemeWorker.swift in Sources */ = {isa = PBXBuildFile; fileRef = 52C9F01E2A71B06C00D279EA /* DenemeWorker.swift */; };
		52C9F0262A71B06C00D279EA /* DenemeRouter.swift in Sources */ = {isa = PBXBuildFile; fileRef = 52C9F01F2A71B06C00D279EA /* DenemeRouter.swift */; };
		52CD0F492A3F7EFC005AB959 /* AppDelegate.swift in Sources */ = {isa = PBXBuildFile; fileRef = 52CD0F482A3F7EFC005AB959 /* AppDelegate.swift */; };
		52CD0F4B2A3F7EFC005AB959 /* SceneDelegate.swift in Sources */ = {isa = PBXBuildFile; fileRef = 52CD0F4A2A3F7EFC005AB959 /* SceneDelegate.swift */; };
		52CD0F4D2A3F7EFC005AB959 /* HomeViewController.swift in Sources */ = {isa = PBXBuildFile; fileRef = 52CD0F4C2A3F7EFC005AB959 /* HomeViewController.swift */; };
		52CD0F502A3F7EFC005AB959 /* Main.storyboard in Resources */ = {isa = PBXBuildFile; fileRef = 52CD0F4E2A3F7EFC005AB959 /* Main.storyboard */; };
		52CD0F522A3F7EFD005AB959 /* Assets.xcassets in Resources */ = {isa = PBXBuildFile; fileRef = 52CD0F512A3F7EFD005AB959 /* Assets.xcassets */; };
		52CD0F552A3F7EFD005AB959 /* LaunchScreen.storyboard in Resources */ = {isa = PBXBuildFile; fileRef = 52CD0F532A3F7EFD005AB959 /* LaunchScreen.storyboard */; };
		52DB5B902A3F94F800ADC53D /* SF-Pro-Text-Medium.otf in Resources */ = {isa = PBXBuildFile; fileRef = 52DB5B8D2A3F94F700ADC53D /* SF-Pro-Text-Medium.otf */; };
		52DB5B912A3F94F800ADC53D /* SF-Pro-Text-Semibold.otf in Resources */ = {isa = PBXBuildFile; fileRef = 52DB5B8E2A3F94F800ADC53D /* SF-Pro-Text-Semibold.otf */; };
		52DB5B922A3F94F800ADC53D /* SF-Pro-Text-Regular.otf in Resources */ = {isa = PBXBuildFile; fileRef = 52DB5B8F2A3F94F800ADC53D /* SF-Pro-Text-Regular.otf */; };
		52F58DD42A6C6A5C00A81C98 /* WebViewController.swift in Sources */ = {isa = PBXBuildFile; fileRef = 52F58DD32A6C6A5C00A81C98 /* WebViewController.swift */; };
		52FB5FD62A4E4E4300DFCB79 /* MoviesEndpoint.swift in Sources */ = {isa = PBXBuildFile; fileRef = 52FB5FCE2A4E4E4300DFCB79 /* MoviesEndpoint.swift */; };
		52FB5FD82A4E4E4300DFCB79 /* MoviesResponse.swift in Sources */ = {isa = PBXBuildFile; fileRef = 52FB5FD02A4E4E4300DFCB79 /* MoviesResponse.swift */; };
		52FB5FD92A4E4E4300DFCB79 /* HTTPClient.swift in Sources */ = {isa = PBXBuildFile; fileRef = 52FB5FD12A4E4E4300DFCB79 /* HTTPClient.swift */; };
		52FB5FDA2A4E4E4300DFCB79 /* RequestMethod.swift in Sources */ = {isa = PBXBuildFile; fileRef = 52FB5FD22A4E4E4300DFCB79 /* RequestMethod.swift */; };
		52FB5FDC2A4E4E4300DFCB79 /* RequestError.swift in Sources */ = {isa = PBXBuildFile; fileRef = 52FB5FD42A4E4E4300DFCB79 /* RequestError.swift */; };
		52FB5FDD2A4E4E4300DFCB79 /* Endpoint.swift in Sources */ = {isa = PBXBuildFile; fileRef = 52FB5FD52A4E4E4300DFCB79 /* Endpoint.swift */; };
		52FDACF12A4A3EA70056869E /* TabBar.swift in Sources */ = {isa = PBXBuildFile; fileRef = 52FDACF02A4A3EA70056869E /* TabBar.swift */; };
		52FDACF92A4A41700056869E /* TicketsViewController.swift in Sources */ = {isa = PBXBuildFile; fileRef = 52FDACF82A4A41700056869E /* TicketsViewController.swift */; };
		52FDACFB2A4A41880056869E /* WatchlistViewController.swift in Sources */ = {isa = PBXBuildFile; fileRef = 52FDACFA2A4A41880056869E /* WatchlistViewController.swift */; };
		52FDACFD2A4A41980056869E /* ProfileViewController.swift in Sources */ = {isa = PBXBuildFile; fileRef = 52FDACFC2A4A41980056869E /* ProfileViewController.swift */; };
/* End PBXBuildFile section */

/* Begin PBXFileReference section */
		5209D3B92A7724F700E02FAE /* PhotoDetailsViewController.swift */ = {isa = PBXFileReference; lastKnownFileType = sourcecode.swift; path = PhotoDetailsViewController.swift; sourceTree = "<group>"; };
		5209D3BC2A7725A600E02FAE /* PhotoCollectionViewCell.xib */ = {isa = PBXFileReference; fileEncoding = 4; lastKnownFileType = file.xib; path = PhotoCollectionViewCell.xib; sourceTree = "<group>"; };
		5209D3BE2A7725A600E02FAE /* CastCellContainer.swift */ = {isa = PBXFileReference; fileEncoding = 4; lastKnownFileType = sourcecode.swift; path = CastCellContainer.swift; sourceTree = "<group>"; };
		5209D3BF2A7725A600E02FAE /* PhotosTableCell.xib */ = {isa = PBXFileReference; fileEncoding = 4; lastKnownFileType = file.xib; path = PhotosTableCell.xib; sourceTree = "<group>"; };
		5209D3C02A7725A600E02FAE /* CastCell.swift */ = {isa = PBXFileReference; fileEncoding = 4; lastKnownFileType = sourcecode.swift; path = CastCell.swift; sourceTree = "<group>"; };
		5209D3C12A7725A600E02FAE /* CastCellContainer.xib */ = {isa = PBXFileReference; fileEncoding = 4; lastKnownFileType = file.xib; path = CastCellContainer.xib; sourceTree = "<group>"; };
		5209D3C22A7725A600E02FAE /* PhotosCell.swift */ = {isa = PBXFileReference; fileEncoding = 4; lastKnownFileType = sourcecode.swift; path = PhotosCell.swift; sourceTree = "<group>"; };
		5209D3C32A7725A600E02FAE /* TicketFooterCell.swift */ = {isa = PBXFileReference; fileEncoding = 4; lastKnownFileType = sourcecode.swift; path = TicketFooterCell.swift; sourceTree = "<group>"; };
		5209D3C42A7725A600E02FAE /* PhotosCell.xib */ = {isa = PBXFileReference; fileEncoding = 4; lastKnownFileType = file.xib; path = PhotosCell.xib; sourceTree = "<group>"; };
		5209D3C52A7725A600E02FAE /* TicketFooterCell.xib */ = {isa = PBXFileReference; fileEncoding = 4; lastKnownFileType = file.xib; path = TicketFooterCell.xib; sourceTree = "<group>"; };
		5209D3C62A7725A600E02FAE /* PhotoCollectionViewCell.swift */ = {isa = PBXFileReference; fileEncoding = 4; lastKnownFileType = sourcecode.swift; path = PhotoCollectionViewCell.swift; sourceTree = "<group>"; };
		5209D3C72A7725A600E02FAE /* PhotosTableCell.swift */ = {isa = PBXFileReference; fileEncoding = 4; lastKnownFileType = sourcecode.swift; path = PhotosTableCell.swift; sourceTree = "<group>"; };
		5209D3C82A7725A600E02FAE /* CastDetailsViewController.swift */ = {isa = PBXFileReference; fileEncoding = 4; lastKnownFileType = sourcecode.swift; path = CastDetailsViewController.swift; sourceTree = "<group>"; };
		5209D3D62A7726C700E02FAE /* TableViewExt.swift */ = {isa = PBXFileReference; lastKnownFileType = sourcecode.swift; path = TableViewExt.swift; sourceTree = "<group>"; };
		5209D3D82A7727AE00E02FAE /* BlurView.swift */ = {isa = PBXFileReference; lastKnownFileType = sourcecode.swift; path = BlurView.swift; sourceTree = "<group>"; };
		5209D3DA2A77303700E02FAE /* CastCell.xib */ = {isa = PBXFileReference; fileEncoding = 4; lastKnownFileType = file.xib; path = CastCell.xib; sourceTree = "<group>"; };
		5209D3DD2A77363300E02FAE /* CoreDataManager.swift */ = {isa = PBXFileReference; lastKnownFileType = sourcecode.swift; path = CoreDataManager.swift; sourceTree = "<group>"; };
		5209D3DF2A7736D800E02FAE /* UIViewController.swift */ = {isa = PBXFileReference; lastKnownFileType = sourcecode.swift; path = UIViewController.swift; sourceTree = "<group>"; };
		5209D3E22A77372D00E02FAE /* MovieModel.xcdatamodel */ = {isa = PBXFileReference; lastKnownFileType = wrapper.xcdatamodel; path = MovieModel.xcdatamodel; sourceTree = "<group>"; };
		5209D3E42A773B0600E02FAE /* ButtonWithShadow.swift */ = {isa = PBXFileReference; lastKnownFileType = sourcecode.swift; path = ButtonWithShadow.swift; sourceTree = "<group>"; };
		5209D3E62A7741E100E02FAE /* DataShareHelper.swift */ = {isa = PBXFileReference; lastKnownFileType = sourcecode.swift; path = DataShareHelper.swift; sourceTree = "<group>"; };
		5209D3EB2A7782FD00E02FAE /* SeatBookingVC.swift */ = {isa = PBXFileReference; fileEncoding = 4; lastKnownFileType = sourcecode.swift; path = SeatBookingVC.swift; sourceTree = "<group>"; };
		5209D3EC2A7782FD00E02FAE /* PaymentVC.swift */ = {isa = PBXFileReference; fileEncoding = 4; lastKnownFileType = sourcecode.swift; path = PaymentVC.swift; sourceTree = "<group>"; };
		5209D3ED2A7782FD00E02FAE /* SelectTheatreVC.swift */ = {isa = PBXFileReference; fileEncoding = 4; lastKnownFileType = sourcecode.swift; path = SelectTheatreVC.swift; sourceTree = "<group>"; };
		5209D3EE2A7782FD00E02FAE /* PaymentSuccesAnimation.swift */ = {isa = PBXFileReference; fileEncoding = 4; lastKnownFileType = sourcecode.swift; path = PaymentSuccesAnimation.swift; sourceTree = "<group>"; };
		5209D3F42A77836500E02FAE /* GlobalDatePickerVC.swift */ = {isa = PBXFileReference; fileEncoding = 4; lastKnownFileType = sourcecode.swift; path = GlobalDatePickerVC.swift; sourceTree = "<group>"; };
		5209D3F52A77836500E02FAE /* GlobalPicker.swift */ = {isa = PBXFileReference; fileEncoding = 4; lastKnownFileType = sourcecode.swift; path = GlobalPicker.swift; sourceTree = "<group>"; };
		5209D3F82A77837200E02FAE /* GifCustomClass.swift */ = {isa = PBXFileReference; fileEncoding = 4; lastKnownFileType = sourcecode.swift; path = GifCustomClass.swift; sourceTree = "<group>"; };
		5209D3FA2A77838600E02FAE /* DesignableView.swift */ = {isa = PBXFileReference; fileEncoding = 4; lastKnownFileType = sourcecode.swift; path = DesignableView.swift; sourceTree = "<group>"; };
		5209D3FC2A7784A600E02FAE /* paySuccess.gif */ = {isa = PBXFileReference; lastKnownFileType = image.gif; path = paySuccess.gif; sourceTree = "<group>"; };
		5209D3FF2A77857800E02FAE /* TicketCell.swift */ = {isa = PBXFileReference; fileEncoding = 4; lastKnownFileType = sourcecode.swift; path = TicketCell.swift; sourceTree = "<group>"; };
		5209D4002A77857800E02FAE /* TicketCell.xib */ = {isa = PBXFileReference; fileEncoding = 4; lastKnownFileType = file.xib; path = TicketCell.xib; sourceTree = "<group>"; };
		5224744D2A76E910002836C2 /* FloatRatingView.swift */ = {isa = PBXFileReference; lastKnownFileType = sourcecode.swift; path = FloatRatingView.swift; sourceTree = "<group>"; };
		523941C52A52EEA4008D163D /* MovieDetailsPresenter.swift */ = {isa = PBXFileReference; lastKnownFileType = sourcecode.swift; path = MovieDetailsPresenter.swift; sourceTree = "<group>"; };
		523941C62A52EEA4008D163D /* MovieDetailsInteractor.swift */ = {isa = PBXFileReference; lastKnownFileType = sourcecode.swift; path = MovieDetailsInteractor.swift; sourceTree = "<group>"; };
		523941C72A52EEA4008D163D /* MovieDetailsModels.swift */ = {isa = PBXFileReference; lastKnownFileType = sourcecode.swift; path = MovieDetailsModels.swift; sourceTree = "<group>"; };
		523941C82A52EEA4008D163D /* MovieDetailsWorker.swift */ = {isa = PBXFileReference; lastKnownFileType = sourcecode.swift; path = MovieDetailsWorker.swift; sourceTree = "<group>"; };
		523941C92A52EEA4008D163D /* MovieDetailsRouter.swift */ = {isa = PBXFileReference; lastKnownFileType = sourcecode.swift; path = MovieDetailsRouter.swift; sourceTree = "<group>"; };
		524151A72A82CD1E007E543E /* zebra.mp4 */ = {isa = PBXFileReference; lastKnownFileType = file; path = zebra.mp4; sourceTree = "<group>"; };
		525DE62D2A771DA70088E77D /* MovieDetails.swift */ = {isa = PBXFileReference; lastKnownFileType = sourcecode.swift; path = MovieDetails.swift; sourceTree = "<group>"; };
		5266B9F62A55807800F56E33 /* FontExtension.swift */ = {isa = PBXFileReference; lastKnownFileType = sourcecode.swift; path = FontExtension.swift; sourceTree = "<group>"; };
		5266B9F82A55878500F56E33 /* WatchlistCollectionViewCell.swift */ = {isa = PBXFileReference; lastKnownFileType = sourcecode.swift; path = WatchlistCollectionViewCell.swift; sourceTree = "<group>"; };
		5279524D2A499AD000131026 /* MoviesPresenter.swift */ = {isa = PBXFileReference; lastKnownFileType = sourcecode.swift; path = MoviesPresenter.swift; sourceTree = "<group>"; };
		5279524E2A499AD000131026 /* MoviesInteractor.swift */ = {isa = PBXFileReference; lastKnownFileType = sourcecode.swift; path = MoviesInteractor.swift; sourceTree = "<group>"; };
		5279524F2A499AD000131026 /* MoviesModels.swift */ = {isa = PBXFileReference; lastKnownFileType = sourcecode.swift; path = MoviesModels.swift; sourceTree = "<group>"; };
		527952502A499AD000131026 /* MoviesWorker.swift */ = {isa = PBXFileReference; lastKnownFileType = sourcecode.swift; path = MoviesWorker.swift; sourceTree = "<group>"; };
		527952512A499AD000131026 /* MoviesRouter.swift */ = {isa = PBXFileReference; lastKnownFileType = sourcecode.swift; path = MoviesRouter.swift; sourceTree = "<group>"; };
		52C21A8A2A52129300E0A09B /* MovieDetailsViewController.swift */ = {isa = PBXFileReference; lastKnownFileType = sourcecode.swift; path = MovieDetailsViewController.swift; sourceTree = "<group>"; };
		52C9F0192A71B06C00D279EA /* Deneme.storyboard */ = {isa = PBXFileReference; lastKnownFileType = file.storyboard; path = Deneme.storyboard; sourceTree = "<group>"; };
		52C9F01A2A71B06C00D279EA /* DenemeViewController.swift */ = {isa = PBXFileReference; lastKnownFileType = sourcecode.swift; path = DenemeViewController.swift; sourceTree = "<group>"; };
		52C9F01B2A71B06C00D279EA /* DenemePresenter.swift */ = {isa = PBXFileReference; lastKnownFileType = sourcecode.swift; path = DenemePresenter.swift; sourceTree = "<group>"; };
		52C9F01C2A71B06C00D279EA /* DenemeInteractor.swift */ = {isa = PBXFileReference; lastKnownFileType = sourcecode.swift; path = DenemeInteractor.swift; sourceTree = "<group>"; };
		52C9F01D2A71B06C00D279EA /* DenemeModels.swift */ = {isa = PBXFileReference; lastKnownFileType = sourcecode.swift; path = DenemeModels.swift; sourceTree = "<group>"; };
		52C9F01E2A71B06C00D279EA /* DenemeWorker.swift */ = {isa = PBXFileReference; lastKnownFileType = sourcecode.swift; path = DenemeWorker.swift; sourceTree = "<group>"; };
		52C9F01F2A71B06C00D279EA /* DenemeRouter.swift */ = {isa = PBXFileReference; lastKnownFileType = sourcecode.swift; path = DenemeRouter.swift; sourceTree = "<group>"; };
		52CD0F452A3F7EFC005AB959 /* MoviesApp.app */ = {isa = PBXFileReference; explicitFileType = wrapper.application; includeInIndex = 0; path = MoviesApp.app; sourceTree = BUILT_PRODUCTS_DIR; };
		52CD0F482A3F7EFC005AB959 /* AppDelegate.swift */ = {isa = PBXFileReference; lastKnownFileType = sourcecode.swift; path = AppDelegate.swift; sourceTree = "<group>"; };
		52CD0F4A2A3F7EFC005AB959 /* SceneDelegate.swift */ = {isa = PBXFileReference; lastKnownFileType = sourcecode.swift; path = SceneDelegate.swift; sourceTree = "<group>"; };
		52CD0F4C2A3F7EFC005AB959 /* HomeViewController.swift */ = {isa = PBXFileReference; lastKnownFileType = sourcecode.swift; path = HomeViewController.swift; sourceTree = "<group>"; };
		52CD0F4F2A3F7EFC005AB959 /* Base */ = {isa = PBXFileReference; lastKnownFileType = file.storyboard; name = Base; path = Base.lproj/Main.storyboard; sourceTree = "<group>"; };
		52CD0F512A3F7EFD005AB959 /* Assets.xcassets */ = {isa = PBXFileReference; lastKnownFileType = folder.assetcatalog; path = Assets.xcassets; sourceTree = "<group>"; };
		52CD0F542A3F7EFD005AB959 /* Base */ = {isa = PBXFileReference; lastKnownFileType = file.storyboard; name = Base; path = Base.lproj/LaunchScreen.storyboard; sourceTree = "<group>"; };
		52CD0F562A3F7EFD005AB959 /* Info.plist */ = {isa = PBXFileReference; lastKnownFileType = text.plist.xml; path = Info.plist; sourceTree = "<group>"; };
		52DB5B8D2A3F94F700ADC53D /* SF-Pro-Text-Medium.otf */ = {isa = PBXFileReference; lastKnownFileType = file; path = "SF-Pro-Text-Medium.otf"; sourceTree = "<group>"; };
		52DB5B8E2A3F94F800ADC53D /* SF-Pro-Text-Semibold.otf */ = {isa = PBXFileReference; lastKnownFileType = file; path = "SF-Pro-Text-Semibold.otf"; sourceTree = "<group>"; };
		52DB5B8F2A3F94F800ADC53D /* SF-Pro-Text-Regular.otf */ = {isa = PBXFileReference; lastKnownFileType = file; path = "SF-Pro-Text-Regular.otf"; sourceTree = "<group>"; };
		52F58DD32A6C6A5C00A81C98 /* WebViewController.swift */ = {isa = PBXFileReference; lastKnownFileType = sourcecode.swift; path = WebViewController.swift; sourceTree = "<group>"; };
		52FB5FCE2A4E4E4300DFCB79 /* MoviesEndpoint.swift */ = {isa = PBXFileReference; fileEncoding = 4; lastKnownFileType = sourcecode.swift; path = MoviesEndpoint.swift; sourceTree = "<group>"; };
		52FB5FD02A4E4E4300DFCB79 /* MoviesResponse.swift */ = {isa = PBXFileReference; fileEncoding = 4; lastKnownFileType = sourcecode.swift; path = MoviesResponse.swift; sourceTree = "<group>"; };
		52FB5FD12A4E4E4300DFCB79 /* HTTPClient.swift */ = {isa = PBXFileReference; fileEncoding = 4; lastKnownFileType = sourcecode.swift; path = HTTPClient.swift; sourceTree = "<group>"; };
		52FB5FD22A4E4E4300DFCB79 /* RequestMethod.swift */ = {isa = PBXFileReference; fileEncoding = 4; lastKnownFileType = sourcecode.swift; path = RequestMethod.swift; sourceTree = "<group>"; };
		52FB5FD42A4E4E4300DFCB79 /* RequestError.swift */ = {isa = PBXFileReference; fileEncoding = 4; lastKnownFileType = sourcecode.swift; path = RequestError.swift; sourceTree = "<group>"; };
		52FB5FD52A4E4E4300DFCB79 /* Endpoint.swift */ = {isa = PBXFileReference; fileEncoding = 4; lastKnownFileType = sourcecode.swift; path = Endpoint.swift; sourceTree = "<group>"; };
		52FDACF02A4A3EA70056869E /* TabBar.swift */ = {isa = PBXFileReference; lastKnownFileType = sourcecode.swift; path = TabBar.swift; sourceTree = "<group>"; };
		52FDACF82A4A41700056869E /* TicketsViewController.swift */ = {isa = PBXFileReference; lastKnownFileType = sourcecode.swift; path = TicketsViewController.swift; sourceTree = "<group>"; };
		52FDACFA2A4A41880056869E /* WatchlistViewController.swift */ = {isa = PBXFileReference; lastKnownFileType = sourcecode.swift; path = WatchlistViewController.swift; sourceTree = "<group>"; };
		52FDACFC2A4A41980056869E /* ProfileViewController.swift */ = {isa = PBXFileReference; lastKnownFileType = sourcecode.swift; path = ProfileViewController.swift; sourceTree = "<group>"; };
/* End PBXFileReference section */

/* Begin PBXFrameworksBuildPhase section */
		52CD0F422A3F7EFC005AB959 /* Frameworks */ = {
			isa = PBXFrameworksBuildPhase;
			buildActionMask = 2147483647;
			files = (
				52C21A942A5236CE00E0A09B /* SDWebImage in Frameworks */,
				5209D4052A77920E00E02FAE /* SocialButton in Frameworks */,
			);
			runOnlyForDeploymentPostprocessing = 0;
		};
/* End PBXFrameworksBuildPhase section */

/* Begin PBXGroup section */
		5209D3BB2A7725A600E02FAE /* Cells */ = {
			isa = PBXGroup;
			children = (
				5209D3C02A7725A600E02FAE /* CastCell.swift */,
				5209D3DA2A77303700E02FAE /* CastCell.xib */,
				5209D3BE2A7725A600E02FAE /* CastCellContainer.swift */,
				5209D3C12A7725A600E02FAE /* CastCellContainer.xib */,
				5209D3C22A7725A600E02FAE /* PhotosCell.swift */,
				5209D3C42A7725A600E02FAE /* PhotosCell.xib */,
				5209D3C62A7725A600E02FAE /* PhotoCollectionViewCell.swift */,
				5209D3BC2A7725A600E02FAE /* PhotoCollectionViewCell.xib */,
				5209D3C72A7725A600E02FAE /* PhotosTableCell.swift */,
				5209D3BF2A7725A600E02FAE /* PhotosTableCell.xib */,
				5209D3C32A7725A600E02FAE /* TicketFooterCell.swift */,
				5209D3C52A7725A600E02FAE /* TicketFooterCell.xib */,
				5209D3C82A7725A600E02FAE /* CastDetailsViewController.swift */,
			);
			path = Cells;
			sourceTree = "<group>";
		};
		5209D3DC2A77360E00E02FAE /* Helper */ = {
			isa = PBXGroup;
			children = (
				5209D3DD2A77363300E02FAE /* CoreDataManager.swift */,
				5209D3E62A7741E100E02FAE /* DataShareHelper.swift */,
			);
			path = Helper;
			sourceTree = "<group>";
		};
		5209D3EA2A7782FD00E02FAE /* Booking */ = {
			isa = PBXGroup;
			children = (
				5209D3EB2A7782FD00E02FAE /* SeatBookingVC.swift */,
				5209D3EC2A7782FD00E02FAE /* PaymentVC.swift */,
				5209D3ED2A7782FD00E02FAE /* SelectTheatreVC.swift */,
				5209D3EE2A7782FD00E02FAE /* PaymentSuccesAnimation.swift */,
			);
			path = Booking;
			sourceTree = "<group>";
		};
		5209D3F32A77836500E02FAE /* GlobalPicker */ = {
			isa = PBXGroup;
			children = (
				5209D3F42A77836500E02FAE /* GlobalDatePickerVC.swift */,
				5209D3F52A77836500E02FAE /* GlobalPicker.swift */,
			);
			path = GlobalPicker;
			sourceTree = "<group>";
		};
		5209D3FE2A77857800E02FAE /* Cells */ = {
			isa = PBXGroup;
			children = (
				5209D3FF2A77857800E02FAE /* TicketCell.swift */,
				5209D4002A77857800E02FAE /* TicketCell.xib */,
			);
			path = Cells;
			sourceTree = "<group>";
		};
		5224744C2A76E8FF002836C2 /* CustomViews */ = {
			isa = PBXGroup;
			children = (
				5209D3F32A77836500E02FAE /* GlobalPicker */,
				5209D3F82A77837200E02FAE /* GifCustomClass.swift */,
				5209D3FC2A7784A600E02FAE /* paySuccess.gif */,
				5224744D2A76E910002836C2 /* FloatRatingView.swift */,
				5209D3D82A7727AE00E02FAE /* BlurView.swift */,
				5209D3FA2A77838600E02FAE /* DesignableView.swift */,
				5209D3E42A773B0600E02FAE /* ButtonWithShadow.swift */,
			);
			path = CustomViews;
			sourceTree = "<group>";
		};
		524151A62A82CCE3007E543E /* Videos */ = {
			isa = PBXGroup;
			children = (
				524151A72A82CD1E007E543E /* zebra.mp4 */,
			);
			path = Videos;
			sourceTree = "<group>";
		};
		52A7BA512A75C61F004D48F7 /* Frameworks */ = {
			isa = PBXGroup;
			children = (
			);
			name = Frameworks;
			sourceTree = "<group>";
		};
		52A7BA572A76911A004D48F7 /* CleanArch */ = {
			isa = PBXGroup;
			children = (
				52C9F0192A71B06C00D279EA /* Deneme.storyboard */,
				52C9F01B2A71B06C00D279EA /* DenemePresenter.swift */,
				52C9F01A2A71B06C00D279EA /* DenemeViewController.swift */,
				52C9F01C2A71B06C00D279EA /* DenemeInteractor.swift */,
				52C9F01D2A71B06C00D279EA /* DenemeModels.swift */,
				52C9F01E2A71B06C00D279EA /* DenemeWorker.swift */,
				52C9F01F2A71B06C00D279EA /* DenemeRouter.swift */,
			);
			path = CleanArch;
			sourceTree = "<group>";
		};
		52C159ED2A756BA3002698DB /* Extensions */ = {
			isa = PBXGroup;
			children = (
				5209D3D62A7726C700E02FAE /* TableViewExt.swift */,
				5209D3DF2A7736D800E02FAE /* UIViewController.swift */,
			);
			path = Extensions;
			sourceTree = "<group>";
		};
		52C9F00F2A71A92F00D279EA /* Cell */ = {
			isa = PBXGroup;
			children = (
				5266B9F82A55878500F56E33 /* WatchlistCollectionViewCell.swift */,
			);
			path = Cell;
			sourceTree = "<group>";
		};
		52CD0F3C2A3F7EFC005AB959 = {
			isa = PBXGroup;
			children = (
				5209D3E12A77372D00E02FAE /* Movie.xcdatamodeld */,
				52A7BA572A76911A004D48F7 /* CleanArch */,
				52CD0F472A3F7EFC005AB959 /* MoviesApp */,
				52CD0F462A3F7EFC005AB959 /* Products */,
				52A7BA512A75C61F004D48F7 /* Frameworks */,
			);
			sourceTree = "<group>";
		};
		52CD0F462A3F7EFC005AB959 /* Products */ = {
			isa = PBXGroup;
			children = (
				52CD0F452A3F7EFC005AB959 /* MoviesApp.app */,
			);
			name = Products;
			sourceTree = "<group>";
		};
		52CD0F472A3F7EFC005AB959 /* MoviesApp */ = {
			isa = PBXGroup;
			children = (
				5209D3DC2A77360E00E02FAE /* Helper */,
				52FB5FCD2A4E4E4300DFCB79 /* Networking */,
				52FDACFF2A4AFC770056869E /* SupportingFiles */,
				52FDACEF2A4A3E790056869E /* Scenes */,
				52CD0F4E2A3F7EFC005AB959 /* Main.storyboard */,
				52CD0F512A3F7EFD005AB959 /* Assets.xcassets */,
				52CD0F562A3F7EFD005AB959 /* Info.plist */,
			);
			path = MoviesApp;
			sourceTree = "<group>";
		};
		52CD0F5C2A3F8326005AB959 /* Fonts */ = {
			isa = PBXGroup;
			children = (
				52DB5B8D2A3F94F700ADC53D /* SF-Pro-Text-Medium.otf */,
				52DB5B8F2A3F94F800ADC53D /* SF-Pro-Text-Regular.otf */,
				52DB5B8E2A3F94F800ADC53D /* SF-Pro-Text-Semibold.otf */,
				5266B9F62A55807800F56E33 /* FontExtension.swift */,
			);
			path = Fonts;
			sourceTree = "<group>";
		};
		52FB5FCD2A4E4E4300DFCB79 /* Networking */ = {
			isa = PBXGroup;
			children = (
				52FB5FCE2A4E4E4300DFCB79 /* MoviesEndpoint.swift */,
				52FB5FD02A4E4E4300DFCB79 /* MoviesResponse.swift */,
				52FB5FD12A4E4E4300DFCB79 /* HTTPClient.swift */,
				52FB5FD22A4E4E4300DFCB79 /* RequestMethod.swift */,
				52FB5FD42A4E4E4300DFCB79 /* RequestError.swift */,
				52FB5FD52A4E4E4300DFCB79 /* Endpoint.swift */,
				525DE62D2A771DA70088E77D /* MovieDetails.swift */,
			);
			path = Networking;
			sourceTree = "<group>";
		};
		52FDACEF2A4A3E790056869E /* Scenes */ = {
			isa = PBXGroup;
			children = (
				5209D3EA2A7782FD00E02FAE /* Booking */,
				52FDACF02A4A3EA70056869E /* TabBar.swift */,
				52FDACF22A4A40780056869E /* Home */,
				52FDACF32A4A407F0056869E /* Details */,
				52FDACF52A4A40A60056869E /* Tickets */,
				52FDACF62A4A40EC0056869E /* Watchlist */,
				52FDACF72A4A412C0056869E /* Profile */,
			);
			path = Scenes;
			sourceTree = "<group>";
		};
		52FDACF22A4A40780056869E /* Home */ = {
			isa = PBXGroup;
			children = (
				52CD0F4C2A3F7EFC005AB959 /* HomeViewController.swift */,
				527952502A499AD000131026 /* MoviesWorker.swift */,
				5279524D2A499AD000131026 /* MoviesPresenter.swift */,
				5279524F2A499AD000131026 /* MoviesModels.swift */,
				5279524E2A499AD000131026 /* MoviesInteractor.swift */,
				527952512A499AD000131026 /* MoviesRouter.swift */,
			);
			path = Home;
			sourceTree = "<group>";
		};
		52FDACF32A4A407F0056869E /* Details */ = {
			isa = PBXGroup;
			children = (
				5209D3BB2A7725A600E02FAE /* Cells */,
				52C21A8A2A52129300E0A09B /* MovieDetailsViewController.swift */,
				523941C52A52EEA4008D163D /* MovieDetailsPresenter.swift */,
				523941C62A52EEA4008D163D /* MovieDetailsInteractor.swift */,
				523941C72A52EEA4008D163D /* MovieDetailsModels.swift */,
				523941C82A52EEA4008D163D /* MovieDetailsWorker.swift */,
				523941C92A52EEA4008D163D /* MovieDetailsRouter.swift */,
				5209D3B92A7724F700E02FAE /* PhotoDetailsViewController.swift */,
			);
			path = Details;
			sourceTree = "<group>";
		};
		52FDACF52A4A40A60056869E /* Tickets */ = {
			isa = PBXGroup;
			children = (
				5209D3FE2A77857800E02FAE /* Cells */,
				52FDACF82A4A41700056869E /* TicketsViewController.swift */,
			);
			path = Tickets;
			sourceTree = "<group>";
		};
		52FDACF62A4A40EC0056869E /* Watchlist */ = {
			isa = PBXGroup;
			children = (
				52C9F00F2A71A92F00D279EA /* Cell */,
				52FDACFA2A4A41880056869E /* WatchlistViewController.swift */,
			);
			path = Watchlist;
			sourceTree = "<group>";
		};
		52FDACF72A4A412C0056869E /* Profile */ = {
			isa = PBXGroup;
			children = (
				52F58DD32A6C6A5C00A81C98 /* WebViewController.swift */,
				52FDACFC2A4A41980056869E /* ProfileViewController.swift */,
			);
			path = Profile;
			sourceTree = "<group>";
		};
		52FDACFF2A4AFC770056869E /* SupportingFiles */ = {
			isa = PBXGroup;
			children = (
				524151A62A82CCE3007E543E /* Videos */,
				5224744C2A76E8FF002836C2 /* CustomViews */,
				52C159ED2A756BA3002698DB /* Extensions */,
				52CD0F482A3F7EFC005AB959 /* AppDelegate.swift */,
				52CD0F4A2A3F7EFC005AB959 /* SceneDelegate.swift */,
				52CD0F532A3F7EFD005AB959 /* LaunchScreen.storyboard */,
				52CD0F5C2A3F8326005AB959 /* Fonts */,
			);
			path = SupportingFiles;
			sourceTree = "<group>";
		};
/* End PBXGroup section */

/* Begin PBXNativeTarget section */
		52CD0F442A3F7EFC005AB959 /* MoviesApp */ = {
			isa = PBXNativeTarget;
			buildConfigurationList = 52CD0F592A3F7EFD005AB959 /* Build configuration list for PBXNativeTarget "MoviesApp" */;
			buildPhases = (
				52CD0F412A3F7EFC005AB959 /* Sources */,
				52CD0F422A3F7EFC005AB959 /* Frameworks */,
				52CD0F432A3F7EFC005AB959 /* Resources */,
			);
			buildRules = (
			);
			dependencies = (
			);
			name = MoviesApp;
			packageProductDependencies = (
				52C21A932A5236CE00E0A09B /* SDWebImage */,
				5209D4042A77920E00E02FAE /* SocialButton */,
			);
			productName = MoviesApp;
			productReference = 52CD0F452A3F7EFC005AB959 /* MoviesApp.app */;
			productType = "com.apple.product-type.application";
		};
/* End PBXNativeTarget section */

/* Begin PBXProject section */
		52CD0F3D2A3F7EFC005AB959 /* Project object */ = {
			isa = PBXProject;
			attributes = {
				BuildIndependentTargetsInParallel = 1;
				LastSwiftUpdateCheck = 1400;
				LastUpgradeCheck = 1400;
				TargetAttributes = {
					52CD0F442A3F7EFC005AB959 = {
						CreatedOnToolsVersion = 14.0;
					};
				};
			};
			buildConfigurationList = 52CD0F402A3F7EFC005AB959 /* Build configuration list for PBXProject "MoviesApp" */;
			compatibilityVersion = "Xcode 14.0";
			developmentRegion = en;
			hasScannedForEncodings = 0;
			knownRegions = (
				en,
				Base,
			);
			mainGroup = 52CD0F3C2A3F7EFC005AB959;
			packageReferences = (
				52C21A922A5236CE00E0A09B /* XCRemoteSwiftPackageReference "SDWebImage" */,
				5209D4032A77920E00E02FAE /* XCRemoteSwiftPackageReference "SocialButton" */,
			);
			productRefGroup = 52CD0F462A3F7EFC005AB959 /* Products */;
			projectDirPath = "";
			projectRoot = "";
			targets = (
				52CD0F442A3F7EFC005AB959 /* MoviesApp */,
			);
		};
/* End PBXProject section */

/* Begin PBXResourcesBuildPhase section */
		52CD0F432A3F7EFC005AB959 /* Resources */ = {
			isa = PBXResourcesBuildPhase;
			buildActionMask = 2147483647;
			files = (
				52DB5B922A3F94F800ADC53D /* SF-Pro-Text-Regular.otf in Resources */,
				5209D3FD2A7784A600E02FAE /* paySuccess.gif in Resources */,
				52DB5B902A3F94F800ADC53D /* SF-Pro-Text-Medium.otf in Resources */,
				52CD0F552A3F7EFD005AB959 /* LaunchScreen.storyboard in Resources */,
				5209D3D22A7725A600E02FAE /* TicketFooterCell.xib in Resources */,
				5209D3D12A7725A600E02FAE /* PhotosCell.xib in Resources */,
				5209D3CE2A7725A600E02FAE /* CastCellContainer.xib in Resources */,
				52C9F0202A71B06C00D279EA /* Deneme.storyboard in Resources */,
				5209D3CC2A7725A600E02FAE /* PhotosTableCell.xib in Resources */,
				52DB5B912A3F94F800ADC53D /* SF-Pro-Text-Semibold.otf in Resources */,
				5209D4022A77857800E02FAE /* TicketCell.xib in Resources */,
				5209D3C92A7725A600E02FAE /* PhotoCollectionViewCell.xib in Resources */,
				524151A82A82CD1E007E543E /* zebra.mp4 in Resources */,
				52CD0F522A3F7EFD005AB959 /* Assets.xcassets in Resources */,
				5209D3DB2A77303700E02FAE /* CastCell.xib in Resources */,
				52CD0F502A3F7EFC005AB959 /* Main.storyboard in Resources */,
			);
			runOnlyForDeploymentPostprocessing = 0;
		};
/* End PBXResourcesBuildPhase section */

/* Begin PBXSourcesBuildPhase section */
		52CD0F412A3F7EFC005AB959 /* Sources */ = {
			isa = PBXSourcesBuildPhase;
			buildActionMask = 2147483647;
			files = (
				527952552A499AD000131026 /* MoviesInteractor.swift in Sources */,
				5209D3D72A7726C700E02FAE /* TableViewExt.swift in Sources */,
				52FB5FD82A4E4E4300DFCB79 /* MoviesResponse.swift in Sources */,
				5209D3E02A7736D800E02FAE /* UIViewController.swift in Sources */,
				5209D3FB2A77838600E02FAE /* DesignableView.swift in Sources */,
				5209D3F72A77836500E02FAE /* GlobalPicker.swift in Sources */,
				52C21A8B2A52129300E0A09B /* MovieDetailsViewController.swift in Sources */,
				52FB5FD92A4E4E4300DFCB79 /* HTTPClient.swift in Sources */,
				523941CC2A52EEA4008D163D /* MovieDetailsModels.swift in Sources */,
				52C9F0212A71B06C00D279EA /* DenemeViewController.swift in Sources */,
				52C9F0232A71B06C00D279EA /* DenemeInteractor.swift in Sources */,
				5209D3F92A77837200E02FAE /* GifCustomClass.swift in Sources */,
				5209D3D32A7725A600E02FAE /* PhotoCollectionViewCell.swift in Sources */,
				52C9F0252A71B06C00D279EA /* DenemeWorker.swift in Sources */,
				5209D3E52A773B0600E02FAE /* ButtonWithShadow.swift in Sources */,
				5266B9F92A55878500F56E33 /* WatchlistCollectionViewCell.swift in Sources */,
				5209D3F22A7782FD00E02FAE /* PaymentSuccesAnimation.swift in Sources */,
				527952572A499AD000131026 /* MoviesWorker.swift in Sources */,
				52CD0F4D2A3F7EFC005AB959 /* HomeViewController.swift in Sources */,
				52C9F0242A71B06C00D279EA /* DenemeModels.swift in Sources */,
				52CD0F492A3F7EFC005AB959 /* AppDelegate.swift in Sources */,
				5209D3CB2A7725A600E02FAE /* CastCellContainer.swift in Sources */,
				5209D3DE2A77363300E02FAE /* CoreDataManager.swift in Sources */,
				52FDACF92A4A41700056869E /* TicketsViewController.swift in Sources */,
				525DE62E2A771DA70088E77D /* MovieDetails.swift in Sources */,
				52FB5FDD2A4E4E4300DFCB79 /* Endpoint.swift in Sources */,
				527952582A499AD000131026 /* MoviesRouter.swift in Sources */,
				52FDACFB2A4A41880056869E /* WatchlistViewController.swift in Sources */,
				5209D3D42A7725A600E02FAE /* PhotosTableCell.swift in Sources */,
				52FB5FD62A4E4E4300DFCB79 /* MoviesEndpoint.swift in Sources */,
				527952542A499AD000131026 /* MoviesPresenter.swift in Sources */,
				523941CB2A52EEA4008D163D /* MovieDetailsInteractor.swift in Sources */,
				523941CE2A52EEA4008D163D /* MovieDetailsRouter.swift in Sources */,
				5209D3F02A7782FD00E02FAE /* PaymentVC.swift in Sources */,
				5209D3D02A7725A600E02FAE /* TicketFooterCell.swift in Sources */,
				527952562A499AD000131026 /* MoviesModels.swift in Sources */,
				5209D3D52A7725A600E02FAE /* CastDetailsViewController.swift in Sources */,
				5209D3BA2A7724F700E02FAE /* PhotoDetailsViewController.swift in Sources */,
				523941CD2A52EEA4008D163D /* MovieDetailsWorker.swift in Sources */,
				52FDACFD2A4A41980056869E /* ProfileViewController.swift in Sources */,
				52FB5FDC2A4E4E4300DFCB79 /* RequestError.swift in Sources */,
				523941CA2A52EEA4008D163D /* MovieDetailsPresenter.swift in Sources */,
				5209D3E72A7741E100E02FAE /* DataShareHelper.swift in Sources */,
				5209D3F12A7782FD00E02FAE /* SelectTheatreVC.swift in Sources */,
				52CD0F4B2A3F7EFC005AB959 /* SceneDelegate.swift in Sources */,
				5209D3E32A77372D00E02FAE /* Movie.xcdatamodeld in Sources */,
				5266B9F72A55807800F56E33 /* FontExtension.swift in Sources */,
				52C9F0222A71B06C00D279EA /* DenemePresenter.swift in Sources */,
				5209D3CD2A7725A600E02FAE /* CastCell.swift in Sources */,
				5209D3D92A7727AE00E02FAE /* BlurView.swift in Sources */,
				5224744E2A76E910002836C2 /* FloatRatingView.swift in Sources */,
				52F58DD42A6C6A5C00A81C98 /* WebViewController.swift in Sources */,
				5209D4012A77857800E02FAE /* TicketCell.swift in Sources */,
				5209D3EF2A7782FD00E02FAE /* SeatBookingVC.swift in Sources */,
				5209D3CF2A7725A600E02FAE /* PhotosCell.swift in Sources */,
				52FB5FDA2A4E4E4300DFCB79 /* RequestMethod.swift in Sources */,
				52FDACF12A4A3EA70056869E /* TabBar.swift in Sources */,
				5209D3F62A77836500E02FAE /* GlobalDatePickerVC.swift in Sources */,
				52C9F0262A71B06C00D279EA /* DenemeRouter.swift in Sources */,
			);
			runOnlyForDeploymentPostprocessing = 0;
		};
/* End PBXSourcesBuildPhase section */

/* Begin PBXVariantGroup section */
		52CD0F4E2A3F7EFC005AB959 /* Main.storyboard */ = {
			isa = PBXVariantGroup;
			children = (
				52CD0F4F2A3F7EFC005AB959 /* Base */,
			);
			name = Main.storyboard;
			sourceTree = "<group>";
		};
		52CD0F532A3F7EFD005AB959 /* LaunchScreen.storyboard */ = {
			isa = PBXVariantGroup;
			children = (
				52CD0F542A3F7EFD005AB959 /* Base */,
			);
			name = LaunchScreen.storyboard;
			sourceTree = "<group>";
		};
/* End PBXVariantGroup section */

/* Begin XCBuildConfiguration section */
		52CD0F572A3F7EFD005AB959 /* Debug */ = {
			isa = XCBuildConfiguration;
			buildSettings = {
				ALWAYS_SEARCH_USER_PATHS = NO;
				CLANG_ANALYZER_NONNULL = YES;
				CLANG_ANALYZER_NUMBER_OBJECT_CONVERSION = YES_AGGRESSIVE;
				CLANG_CXX_LANGUAGE_STANDARD = "gnu++20";
				CLANG_ENABLE_MODULES = YES;
				CLANG_ENABLE_OBJC_ARC = YES;
				CLANG_ENABLE_OBJC_WEAK = YES;
				CLANG_WARN_BLOCK_CAPTURE_AUTORELEASING = YES;
				CLANG_WARN_BOOL_CONVERSION = YES;
				CLANG_WARN_COMMA = YES;
				CLANG_WARN_CONSTANT_CONVERSION = YES;
				CLANG_WARN_DEPRECATED_OBJC_IMPLEMENTATIONS = YES;
				CLANG_WARN_DIRECT_OBJC_ISA_USAGE = YES_ERROR;
				CLANG_WARN_DOCUMENTATION_COMMENTS = YES;
				CLANG_WARN_EMPTY_BODY = YES;
				CLANG_WARN_ENUM_CONVERSION = YES;
				CLANG_WARN_INFINITE_RECURSION = YES;
				CLANG_WARN_INT_CONVERSION = YES;
				CLANG_WARN_NON_LITERAL_NULL_CONVERSION = YES;
				CLANG_WARN_OBJC_IMPLICIT_RETAIN_SELF = YES;
				CLANG_WARN_OBJC_LITERAL_CONVERSION = YES;
				CLANG_WARN_OBJC_ROOT_CLASS = YES_ERROR;
				CLANG_WARN_QUOTED_INCLUDE_IN_FRAMEWORK_HEADER = YES;
				CLANG_WARN_RANGE_LOOP_ANALYSIS = YES;
				CLANG_WARN_STRICT_PROTOTYPES = YES;
				CLANG_WARN_SUSPICIOUS_MOVE = YES;
				CLANG_WARN_UNGUARDED_AVAILABILITY = YES_AGGRESSIVE;
				CLANG_WARN_UNREACHABLE_CODE = YES;
				CLANG_WARN__DUPLICATE_METHOD_MATCH = YES;
				COPY_PHASE_STRIP = NO;
				DEBUG_INFORMATION_FORMAT = dwarf;
				ENABLE_STRICT_OBJC_MSGSEND = YES;
				ENABLE_TESTABILITY = YES;
				GCC_C_LANGUAGE_STANDARD = gnu11;
				GCC_DYNAMIC_NO_PIC = NO;
				GCC_NO_COMMON_BLOCKS = YES;
				GCC_OPTIMIZATION_LEVEL = 0;
				GCC_PREPROCESSOR_DEFINITIONS = (
					"DEBUG=1",
					"$(inherited)",
				);
				GCC_WARN_64_TO_32_BIT_CONVERSION = YES;
				GCC_WARN_ABOUT_RETURN_TYPE = YES_ERROR;
				GCC_WARN_UNDECLARED_SELECTOR = YES;
				GCC_WARN_UNINITIALIZED_AUTOS = YES_AGGRESSIVE;
				GCC_WARN_UNUSED_FUNCTION = YES;
				GCC_WARN_UNUSED_VARIABLE = YES;
				IPHONEOS_DEPLOYMENT_TARGET = 16.0;
				MTL_ENABLE_DEBUG_INFO = INCLUDE_SOURCE;
				MTL_FAST_MATH = YES;
				ONLY_ACTIVE_ARCH = YES;
				SDKROOT = iphoneos;
				SWIFT_ACTIVE_COMPILATION_CONDITIONS = DEBUG;
				SWIFT_OPTIMIZATION_LEVEL = "-Onone";
			};
			name = Debug;
		};
		52CD0F582A3F7EFD005AB959 /* Release */ = {
			isa = XCBuildConfiguration;
			buildSettings = {
				ALWAYS_SEARCH_USER_PATHS = NO;
				CLANG_ANALYZER_NONNULL = YES;
				CLANG_ANALYZER_NUMBER_OBJECT_CONVERSION = YES_AGGRESSIVE;
				CLANG_CXX_LANGUAGE_STANDARD = "gnu++20";
				CLANG_ENABLE_MODULES = YES;
				CLANG_ENABLE_OBJC_ARC = YES;
				CLANG_ENABLE_OBJC_WEAK = YES;
				CLANG_WARN_BLOCK_CAPTURE_AUTORELEASING = YES;
				CLANG_WARN_BOOL_CONVERSION = YES;
				CLANG_WARN_COMMA = YES;
				CLANG_WARN_CONSTANT_CONVERSION = YES;
				CLANG_WARN_DEPRECATED_OBJC_IMPLEMENTATIONS = YES;
				CLANG_WARN_DIRECT_OBJC_ISA_USAGE = YES_ERROR;
				CLANG_WARN_DOCUMENTATION_COMMENTS = YES;
				CLANG_WARN_EMPTY_BODY = YES;
				CLANG_WARN_ENUM_CONVERSION = YES;
				CLANG_WARN_INFINITE_RECURSION = YES;
				CLANG_WARN_INT_CONVERSION = YES;
				CLANG_WARN_NON_LITERAL_NULL_CONVERSION = YES;
				CLANG_WARN_OBJC_IMPLICIT_RETAIN_SELF = YES;
				CLANG_WARN_OBJC_LITERAL_CONVERSION = YES;
				CLANG_WARN_OBJC_ROOT_CLASS = YES_ERROR;
				CLANG_WARN_QUOTED_INCLUDE_IN_FRAMEWORK_HEADER = YES;
				CLANG_WARN_RANGE_LOOP_ANALYSIS = YES;
				CLANG_WARN_STRICT_PROTOTYPES = YES;
				CLANG_WARN_SUSPICIOUS_MOVE = YES;
				CLANG_WARN_UNGUARDED_AVAILABILITY = YES_AGGRESSIVE;
				CLANG_WARN_UNREACHABLE_CODE = YES;
				CLANG_WARN__DUPLICATE_METHOD_MATCH = YES;
				COPY_PHASE_STRIP = NO;
				DEBUG_INFORMATION_FORMAT = "dwarf-with-dsym";
				ENABLE_NS_ASSERTIONS = NO;
				ENABLE_STRICT_OBJC_MSGSEND = YES;
				GCC_C_LANGUAGE_STANDARD = gnu11;
				GCC_NO_COMMON_BLOCKS = YES;
				GCC_WARN_64_TO_32_BIT_CONVERSION = YES;
				GCC_WARN_ABOUT_RETURN_TYPE = YES_ERROR;
				GCC_WARN_UNDECLARED_SELECTOR = YES;
				GCC_WARN_UNINITIALIZED_AUTOS = YES_AGGRESSIVE;
				GCC_WARN_UNUSED_FUNCTION = YES;
				GCC_WARN_UNUSED_VARIABLE = YES;
				IPHONEOS_DEPLOYMENT_TARGET = 16.0;
				MTL_ENABLE_DEBUG_INFO = NO;
				MTL_FAST_MATH = YES;
				SDKROOT = iphoneos;
				SWIFT_COMPILATION_MODE = wholemodule;
				SWIFT_OPTIMIZATION_LEVEL = "-O";
				VALIDATE_PRODUCT = YES;
			};
			name = Release;
		};
		52CD0F5A2A3F7EFD005AB959 /* Debug */ = {
			isa = XCBuildConfiguration;
			buildSettings = {
				ASSETCATALOG_COMPILER_APPICON_NAME = AppIcon;
				ASSETCATALOG_COMPILER_GLOBAL_ACCENT_COLOR_NAME = AccentColor;
				CODE_SIGN_STYLE = Automatic;
				CURRENT_PROJECT_VERSION = 1;
				DEVELOPMENT_TEAM = MPTU59K97X;
				GENERATE_INFOPLIST_FILE = YES;
				INFOPLIST_FILE = MoviesApp/Info.plist;
				INFOPLIST_KEY_UIApplicationSupportsIndirectInputEvents = YES;
				INFOPLIST_KEY_UILaunchStoryboardName = LaunchScreen;
				INFOPLIST_KEY_UIMainStoryboardFile = Main;
				INFOPLIST_KEY_UISupportedInterfaceOrientations_iPad = "UIInterfaceOrientationPortrait UIInterfaceOrientationPortraitUpsideDown UIInterfaceOrientationLandscapeLeft UIInterfaceOrientationLandscapeRight";
				INFOPLIST_KEY_UISupportedInterfaceOrientations_iPhone = "UIInterfaceOrientationPortrait UIInterfaceOrientationLandscapeLeft UIInterfaceOrientationLandscapeRight";
				LD_RUNPATH_SEARCH_PATHS = (
					"$(inherited)",
					"@executable_path/Frameworks",
				);
				MARKETING_VERSION = 1.0;
				PRODUCT_BUNDLE_IDENTIFIER = EcemOzturk.MoviesApp;
				PRODUCT_NAME = "$(TARGET_NAME)";
				SWIFT_EMIT_LOC_STRINGS = YES;
				SWIFT_VERSION = 5.0;
				TARGETED_DEVICE_FAMILY = "1,2";
			};
			name = Debug;
		};
		52CD0F5B2A3F7EFD005AB959 /* Release */ = {
			isa = XCBuildConfiguration;
			buildSettings = {
				ASSETCATALOG_COMPILER_APPICON_NAME = AppIcon;
				ASSETCATALOG_COMPILER_GLOBAL_ACCENT_COLOR_NAME = AccentColor;
				CODE_SIGN_STYLE = Automatic;
				CURRENT_PROJECT_VERSION = 1;
				DEVELOPMENT_TEAM = MPTU59K97X;
				GENERATE_INFOPLIST_FILE = YES;
				INFOPLIST_FILE = MoviesApp/Info.plist;
				INFOPLIST_KEY_UIApplicationSupportsIndirectInputEvents = YES;
				INFOPLIST_KEY_UILaunchStoryboardName = LaunchScreen;
				INFOPLIST_KEY_UIMainStoryboardFile = Main;
				INFOPLIST_KEY_UISupportedInterfaceOrientations_iPad = "UIInterfaceOrientationPortrait UIInterfaceOrientationPortraitUpsideDown UIInterfaceOrientationLandscapeLeft UIInterfaceOrientationLandscapeRight";
				INFOPLIST_KEY_UISupportedInterfaceOrientations_iPhone = "UIInterfaceOrientationPortrait UIInterfaceOrientationLandscapeLeft UIInterfaceOrientationLandscapeRight";
				LD_RUNPATH_SEARCH_PATHS = (
					"$(inherited)",
					"@executable_path/Frameworks",
				);
				MARKETING_VERSION = 1.0;
				PRODUCT_BUNDLE_IDENTIFIER = EcemOzturk.MoviesApp;
				PRODUCT_NAME = "$(TARGET_NAME)";
				SWIFT_EMIT_LOC_STRINGS = YES;
				SWIFT_VERSION = 5.0;
				TARGETED_DEVICE_FAMILY = "1,2";
			};
			name = Release;
		};
/* End XCBuildConfiguration section */

/* Begin XCConfigurationList section */
		52CD0F402A3F7EFC005AB959 /* Build configuration list for PBXProject "MoviesApp" */ = {
			isa = XCConfigurationList;
			buildConfigurations = (
				52CD0F572A3F7EFD005AB959 /* Debug */,
				52CD0F582A3F7EFD005AB959 /* Release */,
			);
			defaultConfigurationIsVisible = 0;
			defaultConfigurationName = Release;
		};
		52CD0F592A3F7EFD005AB959 /* Build configuration list for PBXNativeTarget "MoviesApp" */ = {
			isa = XCConfigurationList;
			buildConfigurations = (
				52CD0F5A2A3F7EFD005AB959 /* Debug */,
				52CD0F5B2A3F7EFD005AB959 /* Release */,
			);
			defaultConfigurationIsVisible = 0;
			defaultConfigurationName = Release;
		};
/* End XCConfigurationList section */

/* Begin XCRemoteSwiftPackageReference section */
		5209D4032A77920E00E02FAE /* XCRemoteSwiftPackageReference "SocialButton" */ = {
			isa = XCRemoteSwiftPackageReference;
			repositoryURL = "https://github.com/ecemozturkk/SocialButton";
			requirement = {
				branch = main;
				kind = branch;
			};
		};
		52C21A922A5236CE00E0A09B /* XCRemoteSwiftPackageReference "SDWebImage" */ = {
			isa = XCRemoteSwiftPackageReference;
			repositoryURL = "https://github.com/SDWebImage/SDWebImage.git";
			requirement = {
				kind = upToNextMajorVersion;
				minimumVersion = 5.0.0;
			};
		};
/* End XCRemoteSwiftPackageReference section */

/* Begin XCSwiftPackageProductDependency section */
		5209D4042A77920E00E02FAE /* SocialButton */ = {
			isa = XCSwiftPackageProductDependency;
			package = 5209D4032A77920E00E02FAE /* XCRemoteSwiftPackageReference "SocialButton" */;
			productName = SocialButton;
		};
		52C21A932A5236CE00E0A09B /* SDWebImage */ = {
			isa = XCSwiftPackageProductDependency;
			package = 52C21A922A5236CE00E0A09B /* XCRemoteSwiftPackageReference "SDWebImage" */;
			productName = SDWebImage;
		};
/* End XCSwiftPackageProductDependency section */

/* Begin XCVersionGroup section */
		5209D3E12A77372D00E02FAE /* Movie.xcdatamodeld */ = {
			isa = XCVersionGroup;
			children = (
				5209D3E22A77372D00E02FAE /* MovieModel.xcdatamodel */,
			);
			currentVersion = 5209D3E22A77372D00E02FAE /* MovieModel.xcdatamodel */;
			path = Movie.xcdatamodeld;
			sourceTree = "<group>";
			versionGroupType = wrapper.xcdatamodel;
		};
/* End XCVersionGroup section */
	};
	rootObject = 52CD0F3D2A3F7EFC005AB959 /* Project object */;
}
